# THIS IS AN AUTOGENERATED FILE. DO NOT EDIT THIS FILE DIRECTLY.
# yarn lockfile v1


"@prettier/plugin-php@^0.18.7":
  version "0.18.7"
  resolved "https://registry.yarnpkg.com/@prettier/plugin-php/-/plugin-php-0.18.7.tgz#16934daa2cd55dd3d928c2ea952c383d1907ca79"
  integrity sha512-Fz38XU4e4dxtGkpoxcNJBug0UOjdPMOAbAzsQWkh3suHW/qyRtRv3LaQVtdLghdRSrbLhTV59TS2+9Wv1sEmrg==
  dependencies:
    linguist-languages "^7.5.1"
    mem "^8.0.0"
    php-parser "3.1.0-beta.9"

linguist-languages@^7.5.1:
  version "7.9.0"
  resolved "https://registry.yarnpkg.com/linguist-languages/-/linguist-languages-7.9.0.tgz#025b421ff3acfdf9c9b34640816041bf842b5437"
  integrity sha512-saKTpS7BH8vOOwzrZNTkFL/DuT2JN7cg6oHWY8nAjt89+pV1qFcpbjEEcZdAv9ogc4DcxVFHkXmjeyU/DiFHQw==

map-age-cleaner@^0.1.3:
  version "0.1.3"
  resolved "https://registry.yarnpkg.com/map-age-cleaner/-/map-age-cleaner-0.1.3.tgz#7d583a7306434c055fe474b0f45078e6e1b4b92a"
  integrity sha512-bJzx6nMoP6PDLPBFmg7+xRKeFZvFboMrGlxmNj9ClvX53KrmvM5bXFXEWjbz4cz1AFn+jWJ9z/DJSz7hrs0w3w==
  dependencies:
    p-defer "^1.0.0"

mem@^8.0.0:
  version "8.1.1"
  resolved "https://registry.yarnpkg.com/mem/-/mem-8.1.1.tgz#cf118b357c65ab7b7e0817bdf00c8062297c0122"
  integrity sha512-qFCFUDs7U3b8mBDPyz5EToEKoAkgCzqquIgi9nkkR9bixxOVOre+09lbuH7+9Kn2NFpm56M3GUWVbU2hQgdACA==
  dependencies:
    map-age-cleaner "^0.1.3"
    mimic-fn "^3.1.0"

mimic-fn@^3.1.0:
  version "3.1.0"
  resolved "https://registry.yarnpkg.com/mimic-fn/-/mimic-fn-3.1.0.tgz#65755145bbf3e36954b949c16450427451d5ca74"
  integrity sha512-Ysbi9uYW9hFyfrThdDEQuykN4Ey6BuwPD2kpI5ES/nFTDn/98yxYNLZJcgUAKPT/mcrLLKaGzJR9YVxJrIdASQ==

p-defer@^1.0.0:
  version "1.0.0"
  resolved "https://registry.yarnpkg.com/p-defer/-/p-defer-1.0.0.tgz#9f6eb182f6c9aa8cd743004a7d4f96b196b0fb0c"
  integrity sha1-n26xgvbJqozXQwBKfU+WsZaw+ww=

php-parser@3.1.0-beta.9:
  version "3.1.0-beta.9"
  resolved "https://registry.yarnpkg.com/php-parser/-/php-parser-3.1.0-beta.9.tgz#f7a57c01d8483cb1401c516b797c610d2e91823f"
  integrity sha512-cGVXw3IRbA5zwO3nnp3yKQhCsF4kZqodunlzaqK/xw9AhXhBazpmkxcazv//b430IVVYrt0UzH5kc0JMGg9t3A==

prettier@^2.6.2:
  version "2.6.2"
  resolved "https://registry.yarnpkg.com/prettier/-/prettier-2.6.2.tgz#e26d71a18a74c3d0f0597f55f01fb6c06c206032"
  integrity sha512-PkUpF+qoXTqhOeWL9fu7As8LXsIUZ1WYaJiY/a7McAQzxjk82OF0tibkFXVCDImZtWxbvojFjerkiLb0/q8mew==
